{
  "originHash" : "9c96f83ffbd9b9632080277604eeb7d5351c0094df4820e9093a1365cfa75f4d",
  "pins" : [
    {
      "identity" : "base45-swift",
      "kind" : "remoteSourceControl",
      "location" : "https://github.com/ehn-dcc-development/base45-swift",
      "state" : {
        "revision" : "c1db97d793d02a1c3d56d50a738c8fd8c34372f8",
        "version" : "1.1.0"
      }
    },
    {
      "identity" : "pixelpass-ios-swift",
      "kind" : "remoteSourceControl",
      "location" : "https://github.com/mosip/pixelpass-ios-swift/",
      "state" : {
        "branch" : "develop",
        "revision" : "0b716d5f6545b10de84c69edbf59565e66776ccd"
      }
    }
  ],
  "version" : 3
}
