{
  "originHash" : "f9795fd8da608010a3959d5ff512f9c3efa9ac32efccde3511dfd65f1d22ce33",
  "pins" : [
    {
      "identity" : "base45-swift",
      "kind" : "remoteSourceControl",
      "location" : "https://github.com/ehn-dcc-development/base45-swift",
      "state" : {
        "revision" : "c1db97d793d02a1c3d56d50a738c8fd8c34372f8",
        "version" : "1.1.0"
      }
    },
    {
      "identity" : "crcswift",
      "kind" : "remoteSourceControl",
      "location" : "https://github.com/ivanesik/CrcSwift.git",
      "state" : {
        "revision" : "bb2fff7fb79815fad0528da71c9168d570bfc76c",
        "version" : "0.0.3"
      }
    },
    {
      "identity" : "gzipswift",
      "kind" : "remoteSourceControl",
      "location" : "https://github.com/1024jp/GzipSwift",
      "state" : {
        "revision" : "7a7f17761c76a932662ab77028a4329f67d645a4",
        "version" : "5.2.0"
      }
    },
    {
      "identity" : "inji-openid4vp-ios-swift",
      "kind" : "remoteSourceControl",
      "location" : "https://github.com/mosip/inji-openid4vp-ios-swift",
      "state" : {
        "branch" : "develop",
        "revision" : "dd3561050d692ca488d893e03e4247b0fe3867e7"
      }
    },
    {
      "identity" : "inji-vci-client-ios-swift",
      "kind" : "remoteSourceControl",
      "location" : "https://github.com/mosip/inji-vci-client-ios-swift.git",
      "state" : {
        "branch" : "develop",
        "revision" : "0ff87e2eb1e6f078be8a004214cfaed8aae7fa93"
      }
    },
    {
      "identity" : "pixelpass-ios-swift",
      "kind" : "remoteSourceControl",
      "location" : "https://github.com/mosip/pixelpass-ios-swift/",
      "state" : {
        "branch" : "develop",
        "revision" : "170f3489e77940212f471ee1cb9f3ab392039a45"
      }
    },
    {
      "identity" : "secure-keystore-ios-swift",
      "kind" : "remoteSourceControl",
      "location" : "https://github.com/mosip/secure-keystore-ios-swift",
      "state" : {
        "branch" : "develop",
        "revision" : "1e28bf21a81d1a53b3c9bb28e83da297fe425683"
      }
    },
    {
      "identity" : "swiftcbor",
      "kind" : "remoteSourceControl",
      "location" : "https://github.com/valpackett/SwiftCBOR",
      "state" : {
        "branch" : "master",
        "revision" : "ec24382864e5ffc6d3915c0818745d5ab12545a8"
      }
    },
    {
      "identity" : "tuvali-ios-swift",
      "kind" : "remoteSourceControl",
      "location" : "https://github.com/mosip/tuvali-ios-swift/",
      "state" : {
        "branch" : "develop",
        "revision" : "96bc662cd07df051cf2357691469bba57b0217e8"
      }
    }
  ],
  "version" : 2
}
