PODS:
  - AppAuth (1.6.2):
    - AppAuth/Core (= 1.6.2)
    - AppAuth/ExternalUserAgent (= 1.6.2)
  - AppAuth/Core (1.6.2)
  - AppAuth/ExternalUserAgent (1.6.2):
    - AppAuth/Core
  - ASN1Decoder (1.8.0)
  - biometric-sdk-react-native (0.2.6):
    - BiometricSdk (= 0.5.9)
    - React-Core
  - BiometricSdk (0.5.9):
    - TensorFlowLiteObjC (= 2.12.0)
  - boost (1.76.0)
  - BVLinearGradient (2.8.3):
    - React-Core
  - CatCrypto (0.3.2)
  - DoubleConversion (1.1.6)
  - EASClient (0.6.0):
    - ExpoModulesCore
  - EXApplication (5.3.1):
    - ExpoModulesCore
  - EXBarCodeScanner (12.5.3):
    - EXImageLoader
    - ExpoModulesCore
    - ZXingObjC/OneD
    - ZXingObjC/PDF417
  - EXCamera (13.4.4):
    - ExpoModulesCore
  - EXConstants (14.4.2):
    - ExpoModulesCore
  - EXFaceDetector (12.2.0):
    - ExpoModulesCore
    - GoogleMLKit/FaceDetection (= 2.6.0)
    - MLKitCommon (= 5.0.0)
    - MLKitFaceDetection (= 1.5.0)
    - MLKitVision (= 3.0.0)
  - EXFileSystem (15.4.5):
    - ExpoModulesCore
  - EXFont (11.4.0):
    - ExpoModulesCore
  - EXImageLoader (4.3.0):
    - ExpoModulesCore
    - React-Core
  - EXJSONUtils (0.7.1)
  - EXManifests (0.7.2):
    - ExpoModulesCore
  - Expo (49.0.23):
    - ExpoModulesCore
  - ExpoAdapterGoogleSignIn (10.1.1):
    - ExpoModulesCore
    - GoogleSignIn (~> 7.0)
    - React-Core
  - ExpoCrypto (12.4.1):
    - ExpoModulesCore
  - ExpoKeepAwake (12.3.0):
    - ExpoModulesCore
  - ExpoLocalAuthentication (13.4.1):
    - ExpoModulesCore
  - ExpoLocalization (14.3.0):
    - ExpoModulesCore
  - ExpoModulesCore (1.5.13):
    - RCT-Folly (= 2021.07.22.00)
    - React-Core
    - React-NativeModulesApple
    - React-RCTAppDelegate
    - ReactCommon/turbomodule/core
  - ExpoWebBrowser (12.3.2):
    - ExpoModulesCore
  - EXStructuredHeaders (3.3.0)
  - EXUpdates (0.18.19):
    - ASN1Decoder (~> 1.8)
    - EASClient
    - EXManifests
    - ExpoModulesCore
    - EXStructuredHeaders
    - EXUpdatesInterface
    - RCT-Folly (= 2021.07.22.00)
    - ReachabilitySwift
    - React-Core
  - EXUpdatesInterface (0.10.1)
  - FBLazyVector (0.72.10)
  - FBReactNativeSpec (0.72.10):
    - RCT-Folly (= 2021.07.22.00)
    - RCTRequired (= 0.72.10)
    - RCTTypeSafety (= 0.72.10)
    - React-Core (= 0.72.10)
    - React-jsi (= 0.72.10)
    - ReactCommon/turbomodule/core (= 0.72.10)
  - fmt (6.2.1)
  - glog (0.3.5)
  - GoogleDataTransport (9.4.1):
    - GoogleUtilities/Environment (~> 7.7)
    - nanopb (< 2.30911.0, >= 2.30908.0)
    - PromisesObjC (< 3.0, >= 1.2)
  - GoogleMLKit/FaceDetection (2.6.0):
    - GoogleMLKit/MLKitCore
    - MLKitFaceDetection (~> 1.5.0)
  - GoogleMLKit/MLKitCore (2.6.0):
    - MLKitCommon (~> 5.0.0)
  - GoogleSignIn (7.0.0):
    - AppAuth (~> 1.5)
    - GTMAppAuth (< 3.0, >= 1.3)
    - GTMSessionFetcher/Core (< 4.0, >= 1.1)
  - GoogleToolboxForMac/DebugUtils (2.3.2):
    - GoogleToolboxForMac/Defines (= 2.3.2)
  - GoogleToolboxForMac/Defines (2.3.2)
  - GoogleToolboxForMac/Logger (2.3.2):
    - GoogleToolboxForMac/Defines (= 2.3.2)
  - "GoogleToolboxForMac/NSData+zlib (2.3.2)":
    - GoogleToolboxForMac/Defines (= 2.3.2)
  - "GoogleToolboxForMac/NSDictionary+URLArguments (2.3.2)":
    - GoogleToolboxForMac/DebugUtils (= 2.3.2)
    - GoogleToolboxForMac/Defines (= 2.3.2)
    - "GoogleToolboxForMac/NSString+URLArguments (= 2.3.2)"
  - "GoogleToolboxForMac/NSString+URLArguments (2.3.2)"
  - GoogleUtilities/Environment (7.13.3):
    - GoogleUtilities/Privacy
    - PromisesObjC (< 3.0, >= 1.2)
  - GoogleUtilities/Logger (7.13.3):
    - GoogleUtilities/Environment
    - GoogleUtilities/Privacy
  - GoogleUtilities/Privacy (7.13.3)
  - GoogleUtilities/UserDefaults (7.13.3):
    - GoogleUtilities/Logger
    - GoogleUtilities/Privacy
  - GoogleUtilitiesComponents (1.1.0):
    - GoogleUtilities/Logger
  - GTMAppAuth (2.0.0):
    - AppAuth/Core (~> 1.6)
    - GTMSessionFetcher/Core (< 4.0, >= 1.5)
  - GTMSessionFetcher/Core (1.7.2)
  - hermes-engine (0.71.8):
    - hermes-engine/Pre-built (= 0.71.8)
  - hermes-engine/Pre-built (0.71.8)
  - ImageColors (2.4.0):
    - ExpoModulesCore
  - libevent (2.1.12)
  - MLImage (1.0.0-beta2)
  - MLKitCommon (5.0.0):
    - GoogleDataTransport (~> 9.0)
    - GoogleToolboxForMac/Logger (~> 2.1)
    - "GoogleToolboxForMac/NSData+zlib (~> 2.1)"
    - "GoogleToolboxForMac/NSDictionary+URLArguments (~> 2.1)"
    - GoogleUtilities/UserDefaults (~> 7.0)
    - GoogleUtilitiesComponents (~> 1.0)
    - GTMSessionFetcher/Core (~> 1.1)
    - Protobuf (~> 3.12)
  - MLKitFaceDetection (1.5.0):
    - MLKitCommon (~> 5.0)
    - MLKitVision (~> 3.0)
  - MLKitVision (3.0.0):
    - GoogleToolboxForMac/Logger (~> 2.1)
    - "GoogleToolboxForMac/NSData+zlib (~> 2.1)"
    - GTMSessionFetcher/Core (~> 1.1)
    - MLImage (= 1.0.0-beta2)
    - MLKitCommon (~> 5.0)
    - Protobuf (~> 3.12)
  - MMKV (1.2.13):
    - MMKVCore (~> 1.2.13)
  - MMKVCore (1.2.16)
  - nanopb (2.30910.0):
    - nanopb/decode (= 2.30910.0)
    - nanopb/encode (= 2.30910.0)
  - nanopb/decode (2.30910.0)
  - nanopb/encode (2.30910.0)
  - Permission-BluetoothPeripheral (3.8.4):
    - RNPermissions
  - Permission-Camera (3.8.4):
    - RNPermissions
  - Permission-LocationAccuracy (3.8.4):
    - RNPermissions
  - Permission-LocationWhenInUse (3.8.4):
    - RNPermissions
  - PromisesObjC (2.4.0)
  - Protobuf (3.27.0)
  - RCT-Folly (2021.07.22.00):
    - boost
    - DoubleConversion
    - fmt (~> 6.2.1)
    - glog
    - RCT-Folly/Default (= 2021.07.22.00)
  - RCT-Folly/Default (2021.07.22.00):
    - boost
    - DoubleConversion
    - fmt (~> 6.2.1)
    - glog
  - RCT-Folly/Futures (2021.07.22.00):
    - boost
    - DoubleConversion
    - fmt (~> 6.2.1)
    - glog
    - libevent
  - RCTRequired (0.72.10)
  - RCTTypeSafety (0.72.10):
    - FBLazyVector (= 0.72.10)
    - RCTRequired (= 0.72.10)
    - React-Core (= 0.72.10)
  - ReachabilitySwift (5.0.0)
  - React (0.72.10):
    - React-Core (= 0.72.10)
    - React-Core/DevSupport (= 0.72.10)
    - React-Core/RCTWebSocket (= 0.72.10)
    - React-RCTActionSheet (= 0.72.10)
    - React-RCTAnimation (= 0.72.10)
    - React-RCTBlob (= 0.72.10)
    - React-RCTImage (= 0.72.10)
    - React-RCTLinking (= 0.72.10)
    - React-RCTNetwork (= 0.72.10)
    - React-RCTSettings (= 0.72.10)
    - React-RCTText (= 0.72.10)
    - React-RCTVibration (= 0.72.10)
  - React-callinvoker (0.72.10)
  - React-Codegen (0.72.10):
    - DoubleConversion
    - FBReactNativeSpec
    - glog
    - hermes-engine
    - RCT-Folly
    - RCTRequired
    - RCTTypeSafety
    - React-Core
    - React-jsi
    - React-jsiexecutor
    - React-NativeModulesApple
    - React-rncore
    - ReactCommon/turbomodule/bridging
    - ReactCommon/turbomodule/core
  - React-Core (0.72.10):
    - glog
    - hermes-engine
    - RCT-Folly (= 2021.07.22.00)
    - React-Core/Default (= 0.72.10)
    - React-cxxreact
    - React-hermes
    - React-jsi
    - React-jsiexecutor
    - React-perflogger
    - React-runtimeexecutor
    - React-utils
    - SocketRocket (= 0.6.1)
    - Yoga
  - React-Core/CoreModulesHeaders (0.72.10):
    - glog
    - hermes-engine
    - RCT-Folly (= 2021.07.22.00)
    - React-Core/Default
    - React-cxxreact
    - React-hermes
    - React-jsi
    - React-jsiexecutor
    - React-perflogger
    - React-runtimeexecutor
    - React-utils
    - SocketRocket (= 0.6.1)
    - Yoga
  - React-Core/Default (0.72.10):
    - glog
    - hermes-engine
    - RCT-Folly (= 2021.07.22.00)
    - React-cxxreact
    - React-hermes
    - React-jsi
    - React-jsiexecutor
    - React-perflogger
    - React-runtimeexecutor
    - React-utils
    - SocketRocket (= 0.6.1)
    - Yoga
  - React-Core/DevSupport (0.72.10):
    - glog
    - hermes-engine
    - RCT-Folly (= 2021.07.22.00)
    - React-Core/Default (= 0.72.10)
    - React-Core/RCTWebSocket (= 0.72.10)
    - React-cxxreact
    - React-hermes
    - React-jsi
    - React-jsiexecutor
    - React-jsinspector (= 0.72.10)
    - React-perflogger
    - React-runtimeexecutor
    - React-utils
    - SocketRocket (= 0.6.1)
    - Yoga
  - React-Core/RCTActionSheetHeaders (0.72.10):
    - glog
    - hermes-engine
    - RCT-Folly (= 2021.07.22.00)
    - React-Core/Default
    - React-cxxreact
    - React-hermes
    - React-jsi
    - React-jsiexecutor
    - React-perflogger
    - React-runtimeexecutor
    - React-utils
    - SocketRocket (= 0.6.1)
    - Yoga
  - React-Core/RCTAnimationHeaders (0.72.10):
    - glog
    - hermes-engine
    - RCT-Folly (= 2021.07.22.00)
    - React-Core/Default
    - React-cxxreact
    - React-hermes
    - React-jsi
    - React-jsiexecutor
    - React-perflogger
    - React-runtimeexecutor
    - React-utils
    - SocketRocket (= 0.6.1)
    - Yoga
  - React-Core/RCTBlobHeaders (0.72.10):
    - glog
    - hermes-engine
    - RCT-Folly (= 2021.07.22.00)
    - React-Core/Default
    - React-cxxreact
    - React-hermes
    - React-jsi
    - React-jsiexecutor
    - React-perflogger
    - React-runtimeexecutor
    - React-utils
    - SocketRocket (= 0.6.1)
    - Yoga
  - React-Core/RCTImageHeaders (0.72.10):
    - glog
    - hermes-engine
    - RCT-Folly (= 2021.07.22.00)
    - React-Core/Default
    - React-cxxreact
    - React-hermes
    - React-jsi
    - React-jsiexecutor
    - React-perflogger
    - React-runtimeexecutor
    - React-utils
    - SocketRocket (= 0.6.1)
    - Yoga
  - React-Core/RCTLinkingHeaders (0.72.10):
    - glog
    - hermes-engine
    - RCT-Folly (= 2021.07.22.00)
    - React-Core/Default
    - React-cxxreact
    - React-hermes
    - React-jsi
    - React-jsiexecutor
    - React-perflogger
    - React-runtimeexecutor
    - React-utils
    - SocketRocket (= 0.6.1)
    - Yoga
  - React-Core/RCTNetworkHeaders (0.72.10):
    - glog
    - hermes-engine
    - RCT-Folly (= 2021.07.22.00)
    - React-Core/Default
    - React-cxxreact
    - React-hermes
    - React-jsi
    - React-jsiexecutor
    - React-perflogger
    - React-runtimeexecutor
    - React-utils
    - SocketRocket (= 0.6.1)
    - Yoga
  - React-Core/RCTSettingsHeaders (0.72.10):
    - glog
    - hermes-engine
    - RCT-Folly (= 2021.07.22.00)
    - React-Core/Default
    - React-cxxreact
    - React-hermes
    - React-jsi
    - React-jsiexecutor
    - React-perflogger
    - React-runtimeexecutor
    - React-utils
    - SocketRocket (= 0.6.1)
    - Yoga
  - React-Core/RCTTextHeaders (0.72.10):
    - glog
    - hermes-engine
    - RCT-Folly (= 2021.07.22.00)
    - React-Core/Default
    - React-cxxreact
    - React-hermes
    - React-jsi
    - React-jsiexecutor
    - React-perflogger
    - React-runtimeexecutor
    - React-utils
    - SocketRocket (= 0.6.1)
    - Yoga
  - React-Core/RCTVibrationHeaders (0.72.10):
    - glog
    - hermes-engine
    - RCT-Folly (= 2021.07.22.00)
    - React-Core/Default
    - React-cxxreact
    - React-hermes
    - React-jsi
    - React-jsiexecutor
    - React-perflogger
    - React-runtimeexecutor
    - React-utils
    - SocketRocket (= 0.6.1)
    - Yoga
  - React-Core/RCTWebSocket (0.72.10):
    - glog
    - hermes-engine
    - RCT-Folly (= 2021.07.22.00)
    - React-Core/Default (= 0.72.10)
    - React-cxxreact
    - React-hermes
    - React-jsi
    - React-jsiexecutor
    - React-perflogger
    - React-runtimeexecutor
    - React-utils
    - SocketRocket (= 0.6.1)
    - Yoga
  - React-CoreModules (0.72.10):
    - RCT-Folly (= 2021.07.22.00)
    - RCTTypeSafety (= 0.72.10)
    - React-Codegen (= 0.72.10)
    - React-Core/CoreModulesHeaders (= 0.72.10)
    - React-jsi (= 0.72.10)
    - React-RCTBlob
    - React-RCTImage (= 0.72.10)
    - ReactCommon/turbomodule/core (= 0.72.10)
    - SocketRocket (= 0.6.1)
  - React-cxxreact (0.72.10):
    - boost (= 1.76.0)
    - DoubleConversion
    - glog
    - hermes-engine
    - RCT-Folly (= 2021.07.22.00)
    - React-callinvoker (= 0.72.10)
    - React-debug (= 0.72.10)
    - React-jsi (= 0.72.10)
    - React-jsinspector (= 0.72.10)
    - React-logger (= 0.72.10)
    - React-perflogger (= 0.72.10)
    - React-runtimeexecutor (= 0.72.10)
  - React-debug (0.72.10)
  - React-hermes (0.72.10):
    - DoubleConversion
    - glog
    - hermes-engine
    - RCT-Folly (= 2021.07.22.00)
    - RCT-Folly/Futures (= 2021.07.22.00)
    - React-cxxreact (= 0.72.10)
    - React-jsi
    - React-jsiexecutor (= 0.72.10)
    - React-jsinspector (= 0.72.10)
    - React-perflogger (= 0.72.10)
  - React-jsi (0.72.10):
    - boost (= 1.76.0)
    - DoubleConversion
    - glog
    - hermes-engine
    - RCT-Folly (= 2021.07.22.00)
  - React-jsiexecutor (0.72.10):
    - DoubleConversion
    - glog
    - hermes-engine
    - RCT-Folly (= 2021.07.22.00)
    - React-cxxreact (= 0.72.10)
    - React-jsi (= 0.72.10)
    - React-perflogger (= 0.72.10)
  - React-jsinspector (0.72.10)
  - React-logger (0.72.10):
    - glog
  - react-native-app-auth (7.0.0):
    - AppAuth (~> 1.6)
    - React-Core
  - react-native-cloud-storage (1.4.0):
    - RCT-Folly (= 2021.07.22.00)
    - React-Core
  - react-native-get-random-values (1.9.0):
    - React-Core
  - react-native-image-editor (4.2.0):
    - RCT-Folly (= 2021.07.22.00)
    - React-Core
    - React-RCTImage
  - react-native-location (2.5.0):
    - React
  - react-native-mmkv-storage (0.9.1):
    - MMKV (= 1.2.13)
    - React-Core
  - react-native-netinfo (9.3.10):
    - React-Core
  - react-native-restart (0.0.24):
    - React-Core
  - react-native-rsa-native (2.0.5):
    - React
  - react-native-safe-area-context (4.6.3):
    - RCT-Folly
    - RCTRequired
    - RCTTypeSafety
    - React-Core
    - ReactCommon/turbomodule/core
  - react-native-spinkit (1.4.1):
    - React
  - React-NativeModulesApple (0.72.10):
    - hermes-engine
    - React-callinvoker
    - React-Core
    - React-cxxreact
    - React-jsi
    - React-runtimeexecutor
    - ReactCommon/turbomodule/bridging
    - ReactCommon/turbomodule/core
  - React-perflogger (0.72.10)
  - React-RCTActionSheet (0.72.10):
    - React-Core/RCTActionSheetHeaders (= 0.72.10)
  - React-RCTAnimation (0.72.10):
    - RCT-Folly (= 2021.07.22.00)
    - RCTTypeSafety (= 0.72.10)
    - React-Codegen (= 0.72.10)
    - React-Core/RCTAnimationHeaders (= 0.72.10)
    - React-jsi (= 0.72.10)
    - ReactCommon/turbomodule/core (= 0.72.10)
  - React-RCTAppDelegate (0.72.10):
    - RCT-Folly
    - RCTRequired
    - RCTTypeSafety
    - React-Core
    - React-CoreModules
    - React-hermes
    - React-NativeModulesApple
    - React-RCTImage
    - React-RCTNetwork
    - React-runtimescheduler
    - ReactCommon/turbomodule/core
  - React-RCTBlob (0.72.10):
    - hermes-engine
    - RCT-Folly (= 2021.07.22.00)
    - React-Codegen (= 0.72.10)
    - React-Core/RCTBlobHeaders (= 0.72.10)
    - React-Core/RCTWebSocket (= 0.72.10)
    - React-jsi (= 0.72.10)
    - React-RCTNetwork (= 0.72.10)
    - ReactCommon/turbomodule/core (= 0.72.10)
  - React-RCTImage (0.72.10):
    - RCT-Folly (= 2021.07.22.00)
    - RCTTypeSafety (= 0.72.10)
    - React-Codegen (= 0.72.10)
    - React-Core/RCTImageHeaders (= 0.72.10)
    - React-jsi (= 0.72.10)
    - React-RCTNetwork (= 0.72.10)
    - ReactCommon/turbomodule/core (= 0.72.10)
  - React-RCTLinking (0.72.10):
    - React-Codegen (= 0.72.10)
    - React-Core/RCTLinkingHeaders (= 0.72.10)
    - React-jsi (= 0.72.10)
    - ReactCommon/turbomodule/core (= 0.72.10)
  - React-RCTNetwork (0.72.10):
    - RCT-Folly (= 2021.07.22.00)
    - RCTTypeSafety (= 0.72.10)
    - React-Codegen (= 0.72.10)
    - React-Core/RCTNetworkHeaders (= 0.72.10)
    - React-jsi (= 0.72.10)
    - ReactCommon/turbomodule/core (= 0.72.10)
  - React-RCTSettings (0.72.10):
    - RCT-Folly (= 2021.07.22.00)
    - RCTTypeSafety (= 0.72.10)
    - React-Codegen (= 0.72.10)
    - React-Core/RCTSettingsHeaders (= 0.72.10)
    - React-jsi (= 0.72.10)
    - ReactCommon/turbomodule/core (= 0.72.10)
  - React-RCTText (0.72.10):
    - React-Core/RCTTextHeaders (= 0.72.10)
  - React-RCTVibration (0.72.10):
    - RCT-Folly (= 2021.07.22.00)
    - React-Codegen (= 0.72.10)
    - React-Core/RCTVibrationHeaders (= 0.72.10)
    - React-jsi (= 0.72.10)
    - ReactCommon/turbomodule/core (= 0.72.10)
  - React-rncore (0.72.10)
  - React-runtimeexecutor (0.72.10):
    - React-jsi (= 0.72.10)
  - React-runtimescheduler (0.72.10):
    - glog
    - hermes-engine
    - RCT-Folly (= 2021.07.22.00)
    - React-callinvoker
    - React-debug
    - React-jsi
    - React-runtimeexecutor
  - React-utils (0.72.10):
    - glog
    - RCT-Folly (= 2021.07.22.00)
    - React-debug
  - ReactCommon/turbomodule/bridging (0.72.10):
    - DoubleConversion
    - glog
    - hermes-engine
    - RCT-Folly (= 2021.07.22.00)
    - React-callinvoker (= 0.72.10)
    - React-cxxreact (= 0.72.10)
    - React-jsi (= 0.72.10)
    - React-logger (= 0.72.10)
    - React-perflogger (= 0.72.10)
  - ReactCommon/turbomodule/core (0.72.10):
    - DoubleConversion
    - glog
    - hermes-engine
    - RCT-Folly (= 2021.07.22.00)
    - React-callinvoker (= 0.72.10)
    - React-cxxreact (= 0.72.10)
    - React-jsi (= 0.72.10)
    - React-logger (= 0.72.10)
    - React-perflogger (= 0.72.10)
  - RNAppleAuthentication (2.3.0):
    - React-Core
  - RNArgon2 (2.0.1):
    - CatCrypto
    - React-Core
  - RNBluetoothStateManager (1.3.4):
    - React-Core
  - RNCClipboard (1.11.2):
    - React-Core
  - RNCPicker (2.4.10):
    - React-Core
  - RNDeviceInfo (8.7.1):
    - React-Core
  - RNFS (2.20.0):
    - React-Core
  - RNGestureHandler (2.12.1):
    - React-Core
  - RNGoogleSignin (10.1.1):
    - GoogleSignIn (~> 7.0)
    - React-Core
  - RNLocalize (3.0.2):
    - React-Core
  - RNPermissions (3.8.4):
    - React-Core
  - RNScreens (3.22.1):
    - React-Core
    - React-RCTImage
  - RNSecureRandom (1.0.1):
    - React
  - RNShare (10.2.1):
    - React-Core
  - RNSVG (13.9.0):
    - React-Core
  - RNZipArchive (6.1.0):
    - React-Core
    - RNZipArchive/Core (= 6.1.0)
    - SSZipArchive (~> 2.2)
  - RNZipArchive/Core (6.1.0):
    - React-Core
    - SSZipArchive (~> 2.2)
  - SocketRocket (0.6.1)
  - SSZipArchive (2.4.3)
  - TensorFlowLiteC (2.12.0):
    - TensorFlowLiteC/Core (= 2.12.0)
  - TensorFlowLiteC/Core (2.12.0)
  - TensorFlowLiteObjC (2.12.0):
    - TensorFlowLiteObjC/Core (= 2.12.0)
  - TensorFlowLiteObjC/Core (2.12.0):
    - TensorFlowLiteC (= 2.12.0)
  - Yoga (1.14.0)
  - ZXingObjC/Core (3.6.5)
  - ZXingObjC/OneD (3.6.5):
    - ZXingObjC/Core
  - ZXingObjC/PDF417 (3.6.5):
    - ZXingObjC/Core

DEPENDENCIES:
  - "biometric-sdk-react-native (from `../node_modules/@iriscan/biometric-sdk-react-native`)"
  - boost (from `../node_modules/react-native/third-party-podspecs/boost.podspec`)
  - BVLinearGradient (from `../node_modules/react-native-linear-gradient`)
  - DoubleConversion (from `../node_modules/react-native/third-party-podspecs/DoubleConversion.podspec`)
  - EASClient (from `../node_modules/expo-eas-client/ios`)
  - EXApplication (from `../node_modules/expo-application/ios`)
  - EXBarCodeScanner (from `../node_modules/expo-barcode-scanner/ios`)
  - EXCamera (from `../node_modules/expo-camera/ios`)
  - EXConstants (from `../node_modules/expo-constants/ios`)
  - EXFaceDetector (from `../node_modules/expo-face-detector/ios`)
  - EXFileSystem (from `../node_modules/expo-file-system/ios`)
  - EXFont (from `../node_modules/expo-font/ios`)
  - EXImageLoader (from `../node_modules/expo-image-loader/ios`)
  - EXJSONUtils (from `../node_modules/expo-json-utils/ios`)
  - EXManifests (from `../node_modules/expo-manifests/ios`)
  - Expo (from `../node_modules/expo`)
  - "ExpoAdapterGoogleSignIn (from `../node_modules/@react-native-google-signin/google-signin/expo/ios`)"
  - ExpoCrypto (from `../node_modules/expo-crypto/ios`)
  - ExpoKeepAwake (from `../node_modules/expo-keep-awake/ios`)
  - ExpoLocalAuthentication (from `../node_modules/expo-local-authentication/ios`)
  - ExpoLocalization (from `../node_modules/expo-localization/ios`)
  - ExpoModulesCore (from `../node_modules/expo-modules-core`)
  - ExpoWebBrowser (from `../node_modules/expo-web-browser/ios`)
  - EXStructuredHeaders (from `../node_modules/expo-structured-headers/ios`)
  - EXUpdates (from `../node_modules/expo-updates/ios`)
  - EXUpdatesInterface (from `../node_modules/expo-updates-interface/ios`)
  - FBLazyVector (from `../node_modules/react-native/Libraries/FBLazyVector`)
  - FBReactNativeSpec (from `../node_modules/react-native/React/FBReactNativeSpec`)
  - glog (from `../node_modules/react-native/third-party-podspecs/glog.podspec`)
  - hermes-engine (from `../node_modules/react-native/sdks/hermes-engine/hermes-engine.podspec`)
  - ImageColors (from `../node_modules/react-native-image-colors/ios`)
  - libevent (~> 2.1.12)
  - Permission-BluetoothPeripheral (from `../node_modules/react-native-permissions/ios/BluetoothPeripheral`)
  - Permission-Camera (from `../node_modules/react-native-permissions/ios/Camera`)
  - Permission-LocationAccuracy (from `../node_modules/react-native-permissions/ios/LocationAccuracy`)
  - Permission-LocationWhenInUse (from `../node_modules/react-native-permissions/ios/LocationWhenInUse`)
  - RCT-Folly (from `../node_modules/react-native/third-party-podspecs/RCT-Folly.podspec`)
  - RCTRequired (from `../node_modules/react-native/Libraries/RCTRequired`)
  - RCTTypeSafety (from `../node_modules/react-native/Libraries/TypeSafety`)
  - React (from `../node_modules/react-native/`)
  - React-callinvoker (from `../node_modules/react-native/ReactCommon/callinvoker`)
  - React-Codegen (from `build/generated/ios`)
  - React-Core (from `../node_modules/react-native/`)
  - React-Core/RCTWebSocket (from `../node_modules/react-native/`)
  - React-CoreModules (from `../node_modules/react-native/React/CoreModules`)
  - React-cxxreact (from `../node_modules/react-native/ReactCommon/cxxreact`)
  - React-debug (from `../node_modules/react-native/ReactCommon/react/debug`)
  - React-hermes (from `../node_modules/react-native/ReactCommon/hermes`)
  - React-jsi (from `../node_modules/react-native/ReactCommon/jsi`)
  - React-jsiexecutor (from `../node_modules/react-native/ReactCommon/jsiexecutor`)
  - React-jsinspector (from `../node_modules/react-native/ReactCommon/jsinspector`)
  - React-logger (from `../node_modules/react-native/ReactCommon/logger`)
  - react-native-app-auth (from `../node_modules/react-native-app-auth`)
  - react-native-cloud-storage (from `../node_modules/react-native-cloud-storage`)
  - react-native-get-random-values (from `../node_modules/react-native-get-random-values`)
  - "react-native-image-editor (from `../node_modules/@react-native-community/image-editor`)"
  - react-native-location (from `../node_modules/react-native-location`)
  - react-native-mmkv-storage (from `../node_modules/react-native-mmkv-storage`)
  - "react-native-netinfo (from `../node_modules/@react-native-community/netinfo`)"
  - react-native-restart (from `../node_modules/react-native-restart`)
  - react-native-rsa-native (from `../node_modules/react-native-rsa-native`)
  - react-native-safe-area-context (from `../node_modules/react-native-safe-area-context`)
  - react-native-spinkit (from `../node_modules/react-native-spinkit`)
  - React-NativeModulesApple (from `../node_modules/react-native/ReactCommon/react/nativemodule/core/platform/ios`)
  - React-perflogger (from `../node_modules/react-native/ReactCommon/reactperflogger`)
  - React-RCTActionSheet (from `../node_modules/react-native/Libraries/ActionSheetIOS`)
  - React-RCTAnimation (from `../node_modules/react-native/Libraries/NativeAnimation`)
  - React-RCTAppDelegate (from `../node_modules/react-native/Libraries/AppDelegate`)
  - React-RCTBlob (from `../node_modules/react-native/Libraries/Blob`)
  - React-RCTImage (from `../node_modules/react-native/Libraries/Image`)
  - React-RCTLinking (from `../node_modules/react-native/Libraries/LinkingIOS`)
  - React-RCTNetwork (from `../node_modules/react-native/Libraries/Network`)
  - React-RCTSettings (from `../node_modules/react-native/Libraries/Settings`)
  - React-RCTText (from `../node_modules/react-native/Libraries/Text`)
  - React-RCTVibration (from `../node_modules/react-native/Libraries/Vibration`)
  - React-rncore (from `../node_modules/react-native/ReactCommon`)
  - React-runtimeexecutor (from `../node_modules/react-native/ReactCommon/runtimeexecutor`)
  - React-runtimescheduler (from `../node_modules/react-native/ReactCommon/react/renderer/runtimescheduler`)
  - React-utils (from `../node_modules/react-native/ReactCommon/react/utils`)
  - ReactCommon/turbomodule/core (from `../node_modules/react-native/ReactCommon`)
  - "RNAppleAuthentication (from `../node_modules/@invertase/react-native-apple-authentication`)"
  - RNArgon2 (from `../node_modules/react-native-argon2`)
  - RNBluetoothStateManager (from `../node_modules/react-native-bluetooth-state-manager`)
  - "RNCClipboard (from `../node_modules/@react-native-clipboard/clipboard`)"
  - "RNCPicker (from `../node_modules/@react-native-picker/picker`)"
  - RNDeviceInfo (from `../node_modules/react-native-device-info`)
  - RNFS (from `../node_modules/react-native-fs`)
  - RNGestureHandler (from `../node_modules/react-native-gesture-handler`)
  - "RNGoogleSignin (from `../node_modules/@react-native-google-signin/google-signin`)"
  - RNLocalize (from `../node_modules/react-native-localize`)
  - RNPermissions (from `../node_modules/react-native-permissions`)
  - RNScreens (from `../node_modules/react-native-screens`)
  - RNSecureRandom (from `../node_modules/react-native-securerandom`)
  - RNShare (from `../node_modules/react-native-share`)
  - RNSVG (from `../node_modules/react-native-svg`)
  - RNZipArchive (from `../node_modules/react-native-zip-archive`)
  - Yoga (from `../node_modules/react-native/ReactCommon/yoga`)

SPEC REPOS:
  trunk:
    - AppAuth
    - ASN1Decoder
    - BiometricSdk
    - CatCrypto
    - fmt
    - GoogleDataTransport
    - GoogleMLKit
    - GoogleSignIn
    - GoogleToolboxForMac
    - GoogleUtilities
    - GoogleUtilitiesComponents
    - GTMAppAuth
    - GTMSessionFetcher
    - libevent
    - MLImage
    - MLKitCommon
    - MLKitFaceDetection
    - MLKitVision
    - MMKV
    - MMKVCore
    - nanopb
    - PromisesObjC
    - Protobuf
    - ReachabilitySwift
    - SocketRocket
    - SSZipArchive
    - TensorFlowLiteC
    - TensorFlowLiteObjC
    - ZXingObjC

EXTERNAL SOURCES:
  biometric-sdk-react-native:
    :path: "../node_modules/@iriscan/biometric-sdk-react-native"
  boost:
    :podspec: "../node_modules/react-native/third-party-podspecs/boost.podspec"
  BVLinearGradient:
    :path: "../node_modules/react-native-linear-gradient"
  DoubleConversion:
    :podspec: "../node_modules/react-native/third-party-podspecs/DoubleConversion.podspec"
  EASClient:
    :path: "../node_modules/expo-eas-client/ios"
  EXApplication:
    :path: "../node_modules/expo-application/ios"
  EXBarCodeScanner:
    :path: "../node_modules/expo-barcode-scanner/ios"
  EXCamera:
    :path: "../node_modules/expo-camera/ios"
  EXConstants:
    :path: "../node_modules/expo-constants/ios"
  EXFaceDetector:
    :path: "../node_modules/expo-face-detector/ios"
  EXFileSystem:
    :path: "../node_modules/expo-file-system/ios"
  EXFont:
    :path: "../node_modules/expo-font/ios"
  EXImageLoader:
    :path: "../node_modules/expo-image-loader/ios"
  EXJSONUtils:
    :path: "../node_modules/expo-json-utils/ios"
  EXManifests:
    :path: "../node_modules/expo-manifests/ios"
  Expo:
    :path: "../node_modules/expo"
  ExpoAdapterGoogleSignIn:
    :path: "../node_modules/@react-native-google-signin/google-signin/expo/ios"
  ExpoCrypto:
    :path: "../node_modules/expo-crypto/ios"
  ExpoKeepAwake:
    :path: "../node_modules/expo-keep-awake/ios"
  ExpoLocalAuthentication:
    :path: "../node_modules/expo-local-authentication/ios"
  ExpoLocalization:
    :path: "../node_modules/expo-localization/ios"
  ExpoModulesCore:
    :path: "../node_modules/expo-modules-core"
  ExpoWebBrowser:
    :path: "../node_modules/expo-web-browser/ios"
  EXStructuredHeaders:
    :path: "../node_modules/expo-structured-headers/ios"
  EXUpdates:
    :path: "../node_modules/expo-updates/ios"
  EXUpdatesInterface:
    :path: "../node_modules/expo-updates-interface/ios"
  FBLazyVector:
    :path: "../node_modules/react-native/Libraries/FBLazyVector"
  FBReactNativeSpec:
    :path: "../node_modules/react-native/React/FBReactNativeSpec"
  glog:
    :podspec: "../node_modules/react-native/third-party-podspecs/glog.podspec"
  hermes-engine:
    :podspec: "../node_modules/react-native/sdks/hermes-engine/hermes-engine.podspec"
  ImageColors:
    :path: "../node_modules/react-native-image-colors/ios"
  Permission-BluetoothPeripheral:
    :path: "../node_modules/react-native-permissions/ios/BluetoothPeripheral"
  Permission-Camera:
    :path: "../node_modules/react-native-permissions/ios/Camera"
  Permission-LocationAccuracy:
    :path: "../node_modules/react-native-permissions/ios/LocationAccuracy"
  Permission-LocationWhenInUse:
    :path: "../node_modules/react-native-permissions/ios/LocationWhenInUse"
  RCT-Folly:
    :podspec: "../node_modules/react-native/third-party-podspecs/RCT-Folly.podspec"
  RCTRequired:
    :path: "../node_modules/react-native/Libraries/RCTRequired"
  RCTTypeSafety:
    :path: "../node_modules/react-native/Libraries/TypeSafety"
  React:
    :path: "../node_modules/react-native/"
  React-callinvoker:
    :path: "../node_modules/react-native/ReactCommon/callinvoker"
  React-Codegen:
    :path: build/generated/ios
  React-Core:
    :path: "../node_modules/react-native/"
  React-CoreModules:
    :path: "../node_modules/react-native/React/CoreModules"
  React-cxxreact:
    :path: "../node_modules/react-native/ReactCommon/cxxreact"
  React-debug:
    :path: "../node_modules/react-native/ReactCommon/react/debug"
  React-hermes:
    :path: "../node_modules/react-native/ReactCommon/hermes"
  React-jsi:
    :path: "../node_modules/react-native/ReactCommon/jsi"
  React-jsiexecutor:
    :path: "../node_modules/react-native/ReactCommon/jsiexecutor"
  React-jsinspector:
    :path: "../node_modules/react-native/ReactCommon/jsinspector"
  React-logger:
    :path: "../node_modules/react-native/ReactCommon/logger"
  react-native-app-auth:
    :path: "../node_modules/react-native-app-auth"
  react-native-cloud-storage:
    :path: "../node_modules/react-native-cloud-storage"
  react-native-get-random-values:
    :path: "../node_modules/react-native-get-random-values"
  react-native-image-editor:
    :path: "../node_modules/@react-native-community/image-editor"
  react-native-location:
    :path: "../node_modules/react-native-location"
  react-native-mmkv-storage:
    :path: "../node_modules/react-native-mmkv-storage"
  react-native-netinfo:
    :path: "../node_modules/@react-native-community/netinfo"
  react-native-restart:
    :path: "../node_modules/react-native-restart"
  react-native-rsa-native:
    :path: "../node_modules/react-native-rsa-native"
  react-native-safe-area-context:
    :path: "../node_modules/react-native-safe-area-context"
  react-native-spinkit:
    :path: "../node_modules/react-native-spinkit"
  React-NativeModulesApple:
    :path: "../node_modules/react-native/ReactCommon/react/nativemodule/core/platform/ios"
  React-perflogger:
    :path: "../node_modules/react-native/ReactCommon/reactperflogger"
  React-RCTActionSheet:
    :path: "../node_modules/react-native/Libraries/ActionSheetIOS"
  React-RCTAnimation:
    :path: "../node_modules/react-native/Libraries/NativeAnimation"
  React-RCTAppDelegate:
    :path: "../node_modules/react-native/Libraries/AppDelegate"
  React-RCTBlob:
    :path: "../node_modules/react-native/Libraries/Blob"
  React-RCTImage:
    :path: "../node_modules/react-native/Libraries/Image"
  React-RCTLinking:
    :path: "../node_modules/react-native/Libraries/LinkingIOS"
  React-RCTNetwork:
    :path: "../node_modules/react-native/Libraries/Network"
  React-RCTSettings:
    :path: "../node_modules/react-native/Libraries/Settings"
  React-RCTText:
    :path: "../node_modules/react-native/Libraries/Text"
  React-RCTVibration:
    :path: "../node_modules/react-native/Libraries/Vibration"
  React-rncore:
    :path: "../node_modules/react-native/ReactCommon"
  React-runtimeexecutor:
    :path: "../node_modules/react-native/ReactCommon/runtimeexecutor"
  React-runtimescheduler:
    :path: "../node_modules/react-native/ReactCommon/react/renderer/runtimescheduler"
  React-utils:
    :path: "../node_modules/react-native/ReactCommon/react/utils"
  ReactCommon:
    :path: "../node_modules/react-native/ReactCommon"
  RNAppleAuthentication:
    :path: "../node_modules/@invertase/react-native-apple-authentication"
  RNArgon2:
    :path: "../node_modules/react-native-argon2"
  RNBluetoothStateManager:
    :path: "../node_modules/react-native-bluetooth-state-manager"
  RNCClipboard:
    :path: "../node_modules/@react-native-clipboard/clipboard"
  RNCPicker:
    :path: "../node_modules/@react-native-picker/picker"
  RNDeviceInfo:
    :path: "../node_modules/react-native-device-info"
  RNFS:
    :path: "../node_modules/react-native-fs"
  RNGestureHandler:
    :path: "../node_modules/react-native-gesture-handler"
  RNGoogleSignin:
    :path: "../node_modules/@react-native-google-signin/google-signin"
  RNLocalize:
    :path: "../node_modules/react-native-localize"
  RNPermissions:
    :path: "../node_modules/react-native-permissions"
  RNScreens:
    :path: "../node_modules/react-native-screens"
  RNSecureRandom:
    :path: "../node_modules/react-native-securerandom"
  RNShare:
    :path: "../node_modules/react-native-share"
  RNSVG:
    :path: "../node_modules/react-native-svg"
  RNZipArchive:
    :path: "../node_modules/react-native-zip-archive"
  Yoga:
    :path: "../node_modules/react-native/ReactCommon/yoga"

SPEC CHECKSUMS:
  AppAuth: 3bb1d1cd9340bd09f5ed189fb00b1cc28e1e8570
  ASN1Decoder: 6110fdeacfdb41559b1481457a1645be716610aa
  biometric-sdk-react-native: d2a3a1279013cc4a7514a1b43fe557eb76e4e4c1
  BiometricSdk: 303e7329404ea4d922dc14108449d10d21574f77
  boost: 7dcd2de282d72e344012f7d6564d024930a6a440
  BVLinearGradient: 880f91a7854faff2df62518f0281afb1c60d49a3
  CatCrypto: a477899b6be4954e75be4897e732da098cc0a5a8
  DoubleConversion: 5189b271737e1565bdce30deb4a08d647e3f5f54
  EASClient: 49f8ea858204eb4844d9fb386e5fb7920aee2e30
  EXApplication: 042aa2e3f05258a16962ea1a9914bf288db9c9a1
  EXBarCodeScanner: 44783bf0be375ab18a838dcfef29dd648397000a
  EXCamera: 6e6e79bf01a2b8190268d93297d8e79a843d5ede
  EXConstants: ce5bbea779da8031ac818c36bea41b10e14d04e1
  EXFaceDetector: aaa275f19e8a00c78d48ad1c1a5e4f5d4616568f
  EXFileSystem: f8b838a880254de42a5a7da20ed5ce12e2697c1b
  EXFont: 738c44c390953ebcbab075a4848bfbef025fd9ee
  EXImageLoader: 34b214f9387e98f3c73989f15d8d5b399c9ab3f7
  EXJSONUtils: 6802be4282d42b97c51682468ddc1026a06f8276
  EXManifests: cf66451b11b2c2f6464917528d792759f7fd6ce0
  Expo: ba9abdf444dc6d2c05a82c4c1b51a2400beb6167
  ExpoAdapterGoogleSignIn: 6c55782832b7fbdc2c27dac05ef00445c103b8f3
  ExpoCrypto: a382ab9a2fa91f0b511ce1fe4d6baecee40a1615
  ExpoKeepAwake: be4cbd52d9b177cde0fd66daa1913afa3161fc1d
  ExpoLocalAuthentication: bd9d9037a96a11ccc456e327ddb404df02da10ca
  ExpoLocalization: be37fdd0b5930c6a49cd307b4542f4b426d6134c
  ExpoModulesCore: cf14fc49a3d5df3ed3cf2a38fc758d073bfd1c13
  ExpoWebBrowser: 2c788f9c07718a780fe6d8bf2f6195c47609faaa
  EXStructuredHeaders: 324cc3130571d2696357fafd8be7fd9a0b5fdf6e
  EXUpdates: 59d641d0873236c76ef987917c32de8c210333ea
  EXUpdatesInterface: 82ed48d417cdcd376c12ca1c2ce390d35500bed6
  FBLazyVector: f91d538f197fa71a7d5b77ec2069d49550c0eb96
  FBReactNativeSpec: b13d1c23d6ed82d6b66aad7a253edf8ba76c4a4c
  fmt: ff9d55029c625d3757ed641535fd4a75fedc7ce9
  glog: 04b94705f318337d7ead9e6d17c019bd9b1f6b1b
  GoogleDataTransport: 6c09b596d841063d76d4288cc2d2f42cc36e1e2a
  GoogleMLKit: 755661c46990a85e42278015f26400286d98ad95
  GoogleSignIn: b232380cf495a429b8095d3178a8d5855b42e842
  GoogleToolboxForMac: 8bef7c7c5cf7291c687cf5354f39f9db6399ad34
  GoogleUtilities: ea963c370a38a8069cc5f7ba4ca849a60b6d7d15
  GoogleUtilitiesComponents: 679b2c881db3b615a2777504623df6122dd20afe
  GTMAppAuth: 99fb010047ba3973b7026e45393f51f27ab965ae
  GTMSessionFetcher: 5595ec75acf5be50814f81e9189490412bad82ba
  hermes-engine: 47986d26692ae75ee7a17ab049caee8864f855de
  ImageColors: 88be684570585c07ae2750bff34eb7b78bfc53b4
  libevent: 4049cae6c81cdb3654a443be001fb9bdceff7913
  MLImage: a454f9f8ecfd537783a12f9488f5be1a68820829
  MLKitCommon: 3bc17c6f7d25ce3660f030350b46ae7ec9ebca6e
  MLKitFaceDetection: 617cb847441868a8bfd4b48d751c9b33c1104948
  MLKitVision: e87dc3f2e456a6ab32361ebd985e078dd2746143
  MMKV: aac95d817a100479445633f2b3ed8961b4ac5043
  MMKVCore: 9cfef4c48c6c46f66226fc2e4634d78490206a48
  nanopb: 438bc412db1928dac798aa6fd75726007be04262
  Permission-BluetoothPeripheral: 2b88a131074edafd8a46a5cda4ba610ec986d2fb
  Permission-Camera: 7ec9ee99704766ff9b90198183387a7f5d82b0c1
  Permission-LocationAccuracy: a38ddb5c5d0b8e656f3c86e4a500f9bb88bc099d
  Permission-LocationWhenInUse: 24d97eeb25d8ff9f2232e070f792eeb1360ccaf0
  PromisesObjC: f5707f49cb48b9636751c5b2e7d227e43fba9f47
  Protobuf: 2c02b2e18bb9040d3bf3fd2cecaefb2a8b55265b
  RCT-Folly: 424b8c9a7a0b9ab2886ffe9c3b041ef628fd4fb1
  RCTRequired: b4d3068afa6f52ec5260a8417053b1f1b421483d
  RCTTypeSafety: a4551b3d338c96435f63bf06d564055c1d3cc0ac
  ReachabilitySwift: 985039c6f7b23a1da463388634119492ff86c825
  React: 66caa2a8192a35d7ba466a5fdf5dc06ee4a5f6dd
  React-callinvoker: e5b55e46894c2dd1bcdc19d4f82b0f7f631d1237
  React-Codegen: 0cf41e00026c5eba61f6bdcabd6e4bf659754f33
  React-Core: 2ce84187a00913f287b96753c56c7819ed7d90d5
  React-CoreModules: 893e7c5eed1ef8fe9e1ee1d913581c946e55b305
  React-cxxreact: 075d98dc664c0e9607cc0c45d41dc052bcc7313b
  React-debug: abc6213dcb9eafcf5242cbb194fef4c70c91871f
  React-hermes: 133cfa220ef836406f693ed7db56a509032ce433
  React-jsi: 9b45fd040d575f8ae6771bf1960641a58eb0bdd4
  React-jsiexecutor: 45ef2ec6dcde31b90469175ec76ddac77b91dfc3
  React-jsinspector: de0198127395fec3058140a20c045167f761bb16
  React-logger: dc3a2b174d79c2da635059212747d8d929b54e06
  react-native-app-auth: 1d12b6874a24152715a381d8e9149398ce7c2c95
  react-native-cloud-storage: 4a4726995158d9d45bc6c4a27fd83ab4d0673632
  react-native-get-random-values: dee677497c6a740b71e5612e8dbd83e7539ed5bb
  react-native-image-editor: a60c74bc79f6101b7863c092aa53726e9e40a327
  react-native-location: 5a40ec1cc6abf2f6d94df979f98ec76c3a415681
  react-native-mmkv-storage: cfb6854594cfdc5f7383a9e464bb025417d1721c
  react-native-netinfo: ccbe1085dffd16592791d550189772e13bf479e2
  react-native-restart: 45c8dca02491980f2958595333cbccd6877cb57e
  react-native-rsa-native: 12132eb627797529fdb1f0d22fd0f8f9678df64a
  react-native-safe-area-context: 36cc67648134e89465663b8172336a19eeda493d
  react-native-spinkit: da294fd828216ad211fe36a5c14c1e09f09e62db
  React-NativeModulesApple: c3e696ff867e4bc212266cbdf7e862e48a0166fd
  React-perflogger: 43287389ea08993c300897a46f95cfac04bb6c1a
  React-RCTActionSheet: 923afe77f9bb89da7c1f98e2730bfc9dde0eed6d
  React-RCTAnimation: afd4d94c5e1f731e32ac99800850be06564ac642
  React-RCTAppDelegate: fb2e1447d014557f29e214fe2eb777442f808a3b
  React-RCTBlob: 167e2c6c3643f093058c51e76ecc653fc8236033
  React-RCTImage: 867de82a17630a08a3fa64b0cd6677dd19bf6eaf
  React-RCTLinking: 885dde8bc5d397c3e72c76315f1f9b5030b3a70e
  React-RCTNetwork: efec71102220b96ac8605d0253debd859ca0c817
  React-RCTSettings: 077065d0a4e925b017fe8538afa574d8fb52391f
  React-RCTText: 7adddb518ac362b2398fedf0c64105e0dab29441
  React-RCTVibration: de6b7218e415d82788e0965f278dddb2ef88b372
  React-rncore: f0d8c23481a6c263a343fa7fd3816d943754b720
  React-runtimeexecutor: 2b2c09edbca4c9a667428e8c93959f66b3b53140
  React-runtimescheduler: 6ca43e8deadf01ff06b3f01abf8f0e4d508e23c3
  React-utils: 372b83030a74347331636909278bf0a60ec30d59
  ReactCommon: 38824bfffaf4c51fbe03a2730b4fd874ef34d67b
  RNAppleAuthentication: e99eaf3c4c01ad8ecb6125dd6f0cfd98871685b5
  RNArgon2: 1481820722fd4af1575c09f7fc9ad67c00ee8a42
  RNBluetoothStateManager: ae6a26260cbdf1827b58bd3bcc563527d61e6488
  RNCClipboard: 3f0451a8100393908bea5c5c5b16f96d45f30bfc
  RNCPicker: 0bc2f0a29abcca7b7ed44a2d036aac9ab6d25700
  RNDeviceInfo: aad3c663b25752a52bf8fce93f2354001dd185aa
  RNFS: 4ac0f0ea233904cb798630b3c077808c06931688
  RNGestureHandler: c0d04458598fcb26052494ae23dda8f8f5162b13
  RNGoogleSignin: aac5c1ec73422109dec1da770247a1e410dcc620
  RNLocalize: dbea38dcb344bf80ff18a1757b1becf11f70cae4
  RNPermissions: f1b49dd05fa9b83993cd05a9ee115247944d8f1a
  RNScreens: 50ffe2fa2342eabb2d0afbe19f7c1af286bc7fb3
  RNSecureRandom: 07efbdf2cd99efe13497433668e54acd7df49fef
  RNShare: 0fad69ae2d71de9d1f7b9a43acf876886a6cb99c
  RNSVG: 53c661b76829783cdaf9b7a57258f3d3b4c28315
  RNZipArchive: ef9451b849c45a29509bf44e65b788829ab07801
  SocketRocket: f32cd54efbe0f095c4d7594881e52619cfe80b17
  SSZipArchive: fe6a26b2a54d5a0890f2567b5cc6de5caa600aef
  TensorFlowLiteC: 20785a69299185a379ba9852b6625f00afd7984a
  TensorFlowLiteObjC: 9a46a29a76661c513172cfffd3bf712b11ef25c3
  Yoga: d0003f849d2b5224c072cef6568b540d8bb15cd3
  ZXingObjC: fdbb269f25dd2032da343e06f10224d62f537bdb

PODFILE CHECKSUM: ec2e3bc4c2a50cfd2c107164c86b5c58cd5a4d0e

COCOAPODS: 1.16.2
